
Microsoft Visual Studio Solution File, Format Version 12.00
# Visual Studio Version 16
VisualStudioVersion = 16.0.32228.343
MinimumVisualStudioVersion = 10.0.40219.1
Project("{FAE04EC0-301F-11D3-BF4B-00C04F79EFBC}") = "SearchRows", "SearchRows\SearchRows.csproj", "{378153AF-F8D3-4CE1-9342-AE291518F683}"
EndProject
Global
	GlobalSection(SolutionConfigurationPlatforms) = preSolution
		Debug|Any CPU = Debug|Any CPU
		Release|Any CPU = Release|Any CPU
	EndGlobalSection
	GlobalSection(ProjectConfigurationPlatforms) = postSolution
		{378153AF-F8D3-4CE1-9342-AE291518F683}.Debug|Any CPU.ActiveCfg = Debug|Any CPU
		{378153AF-F8D3-4CE1-9342-AE291518F683}.Debug|Any CPU.Build.0 = Debug|Any CPU
		{378153AF-F8D3-4CE1-9342-AE291518F683}.Release|Any CPU.ActiveCfg = Release|Any CPU
		{378153AF-F8D3-4CE1-9342-AE291518F683}.Release|Any CPU.Build.0 = Release|Any CPU
	EndGlobalSection
	GlobalSection(SolutionProperties) = preSolution
		HideSolutionNode = FALSE
	EndGlobalSection
	GlobalSection(ExtensibilityGlobals) = postSolution
		SolutionGuid = {8C4E07C3-96B4-4574-9D34-EF4F01449734}
	EndGlobalSection
EndGlobal
